
Microsoft Visual Studio Solution File, Format Version 12.00
# Visual Studio 15
VisualStudioVersion = 15.0.26430.16
MinimumVisualStudioVersion = 10.0.40219.1
Project("{FAE04EC0-301F-11D3-BF4B-00C04F79EFBC}") = "MatterClass", "MatterClass\MatterClass.csproj", "{CD31BE8B-1402-4488-AE59-4C2C3A631D97}"
EndProject
Project("{FAE04EC0-301F-11D3-BF4B-00C04F79EFBC}") = "JSON", "JSON\JSON.csproj", "{421A401C-A71F-48FC-9A77-E1E98B9A1F0B}"
EndProject
Project("{FAE04EC0-301F-11D3-BF4B-00C04F79EFBC}") = "test", "test\test.csproj", "{348F0AF4-1EC8-407D-9B43-ADAD815F7EAC}"
	ProjectSection(ProjectDependencies) = postProject
		{421A401C-A71F-48FC-9A77-E1E98B9A1F0B} = {421A401C-A71F-48FC-9A77-E1E98B9A1F0B}
	EndProjectSection
EndProject
Project("{FAE04EC0-301F-11D3-BF4B-00C04F79EFBC}") = "UserClass", "UserClass\UserClass.csproj", "{092B8DC9-1084-480B-9659-E4BCA42A5E84}"
EndProject
Global
	GlobalSection(SolutionConfigurationPlatforms) = preSolution
		Debug|Any CPU = Debug|Any CPU
		Release|Any CPU = Release|Any CPU
	EndGlobalSection
	GlobalSection(ProjectConfigurationPlatforms) = postSolution
		{CD31BE8B-1402-4488-AE59-4C2C3A631D97}.Debug|Any CPU.ActiveCfg = Debug|Any CPU
		{CD31BE8B-1402-4488-AE59-4C2C3A631D97}.Debug|Any CPU.Build.0 = Debug|Any CPU
		{CD31BE8B-1402-4488-AE59-4C2C3A631D97}.Release|Any CPU.ActiveCfg = Release|Any CPU
		{CD31BE8B-1402-4488-AE59-4C2C3A631D97}.Release|Any CPU.Build.0 = Release|Any CPU
		{421A401C-A71F-48FC-9A77-E1E98B9A1F0B}.Debug|Any CPU.ActiveCfg = Debug|Any CPU
		{421A401C-A71F-48FC-9A77-E1E98B9A1F0B}.Debug|Any CPU.Build.0 = Debug|Any CPU
		{421A401C-A71F-48FC-9A77-E1E98B9A1F0B}.Release|Any CPU.ActiveCfg = Release|Any CPU
		{421A401C-A71F-48FC-9A77-E1E98B9A1F0B}.Release|Any CPU.Build.0 = Release|Any CPU
		{348F0AF4-1EC8-407D-9B43-ADAD815F7EAC}.Debug|Any CPU.ActiveCfg = Debug|Any CPU
		{348F0AF4-1EC8-407D-9B43-ADAD815F7EAC}.Debug|Any CPU.Build.0 = Debug|Any CPU
		{348F0AF4-1EC8-407D-9B43-ADAD815F7EAC}.Release|Any CPU.ActiveCfg = Release|Any CPU
		{348F0AF4-1EC8-407D-9B43-ADAD815F7EAC}.Release|Any CPU.Build.0 = Release|Any CPU
		{092B8DC9-1084-480B-9659-E4BCA42A5E84}.Debug|Any CPU.ActiveCfg = Debug|Any CPU
		{092B8DC9-1084-480B-9659-E4BCA42A5E84}.Debug|Any CPU.Build.0 = Debug|Any CPU
		{092B8DC9-1084-480B-9659-E4BCA42A5E84}.Release|Any CPU.ActiveCfg = Release|Any CPU
		{092B8DC9-1084-480B-9659-E4BCA42A5E84}.Release|Any CPU.Build.0 = Release|Any CPU
	EndGlobalSection
	GlobalSection(SolutionProperties) = preSolution
		HideSolutionNode = FALSE
	EndGlobalSection
EndGlobal
