
Microsoft Visual Studio Solution File, Format Version 12.00
# Visual Studio 15
VisualStudioVersion = 15.0.26430.16
MinimumVisualStudioVersion = 10.0.40219.1
Project("{FAE04EC0-301F-11D3-BF4B-00C04F79EFBC}") = "CommonClass", "MatterClass\CommonClass.csproj", "{CD31BE8B-1402-4488-AE59-4C2C3A631D97}"
EndProject
Project("{FAE04EC0-301F-11D3-BF4B-00C04F79EFBC}") = "JSON", "JSON\JSON.csproj", "{421A401C-A71F-48FC-9A77-E1E98B9A1F0B}"
EndProject
Project("{FAE04EC0-301F-11D3-BF4B-00C04F79EFBC}") = "test", "test\test.csproj", "{348F0AF4-1EC8-407D-9B43-ADAD815F7EAC}"
	ProjectSection(ProjectDependencies) = postProject
		{5359AC05-A874-43D6-8F33-C5420E68245A} = {5359AC05-A874-43D6-8F33-C5420E68245A}
		{421A401C-A71F-48FC-9A77-E1E98B9A1F0B} = {421A401C-A71F-48FC-9A77-E1E98B9A1F0B}
	EndProjectSection
EndProject
Project("{FAE04EC0-301F-11D3-BF4B-00C04F79EFBC}") = "UserClass", "UserClass\UserClass.csproj", "{092B8DC9-1084-480B-9659-E4BCA42A5E84}"
EndProject
Project("{FAE04EC0-301F-11D3-BF4B-00C04F79EFBC}") = "ServerLib", "ServerLib\ServerLib.csproj", "{5359AC05-A874-43D6-8F33-C5420E68245A}"
	ProjectSection(ProjectDependencies) = postProject
		{CD31BE8B-1402-4488-AE59-4C2C3A631D97} = {CD31BE8B-1402-4488-AE59-4C2C3A631D97}
	EndProjectSection
EndProject
Project("{FAE04EC0-301F-11D3-BF4B-00C04F79EFBC}") = "Client", "Client\Client.csproj", "{ABC5734D-19AD-45E9-97A3-60DE7285CFDB}"
	ProjectSection(ProjectDependencies) = postProject
		{421A401C-A71F-48FC-9A77-E1E98B9A1F0B} = {421A401C-A71F-48FC-9A77-E1E98B9A1F0B}
		{CD31BE8B-1402-4488-AE59-4C2C3A631D97} = {CD31BE8B-1402-4488-AE59-4C2C3A631D97}
		{092B8DC9-1084-480B-9659-E4BCA42A5E84} = {092B8DC9-1084-480B-9659-E4BCA42A5E84}
	EndProjectSection
EndProject
Project("{FAE04EC0-301F-11D3-BF4B-00C04F79EFBC}") = "HttpRequest", "HttpRequest\HttpRequest.csproj", "{A5DB18E3-5FD3-4564-953D-05CC9BF29408}"
EndProject
Project("{2150E333-8FDC-42A3-9474-1A3956D46DE8}") = "Solution Items", "Solution Items", "{005282E7-051E-473D-84C3-DC34A96EE6AC}"
EndProject
Global
	GlobalSection(SolutionConfigurationPlatforms) = preSolution
		Debug|Any CPU = Debug|Any CPU
		Debug|ARM = Debug|ARM
		Debug|x64 = Debug|x64
		Debug|x86 = Debug|x86
		Release|Any CPU = Release|Any CPU
		Release|ARM = Release|ARM
		Release|x64 = Release|x64
		Release|x86 = Release|x86
	EndGlobalSection
	GlobalSection(ProjectConfigurationPlatforms) = postSolution
		{CD31BE8B-1402-4488-AE59-4C2C3A631D97}.Debug|Any CPU.ActiveCfg = Debug|Any CPU
		{CD31BE8B-1402-4488-AE59-4C2C3A631D97}.Debug|Any CPU.Build.0 = Debug|Any CPU
		{CD31BE8B-1402-4488-AE59-4C2C3A631D97}.Debug|ARM.ActiveCfg = Debug|Any CPU
		{CD31BE8B-1402-4488-AE59-4C2C3A631D97}.Debug|ARM.Build.0 = Debug|Any CPU
		{CD31BE8B-1402-4488-AE59-4C2C3A631D97}.Debug|x64.ActiveCfg = Debug|Any CPU
		{CD31BE8B-1402-4488-AE59-4C2C3A631D97}.Debug|x64.Build.0 = Debug|Any CPU
		{CD31BE8B-1402-4488-AE59-4C2C3A631D97}.Debug|x86.ActiveCfg = Debug|Any CPU
		{CD31BE8B-1402-4488-AE59-4C2C3A631D97}.Debug|x86.Build.0 = Debug|Any CPU
		{CD31BE8B-1402-4488-AE59-4C2C3A631D97}.Release|Any CPU.ActiveCfg = Release|Any CPU
		{CD31BE8B-1402-4488-AE59-4C2C3A631D97}.Release|Any CPU.Build.0 = Release|Any CPU
		{CD31BE8B-1402-4488-AE59-4C2C3A631D97}.Release|ARM.ActiveCfg = Release|Any CPU
		{CD31BE8B-1402-4488-AE59-4C2C3A631D97}.Release|ARM.Build.0 = Release|Any CPU
		{CD31BE8B-1402-4488-AE59-4C2C3A631D97}.Release|x64.ActiveCfg = Release|Any CPU
		{CD31BE8B-1402-4488-AE59-4C2C3A631D97}.Release|x64.Build.0 = Release|Any CPU
		{CD31BE8B-1402-4488-AE59-4C2C3A631D97}.Release|x86.ActiveCfg = Release|Any CPU
		{CD31BE8B-1402-4488-AE59-4C2C3A631D97}.Release|x86.Build.0 = Release|Any CPU
		{421A401C-A71F-48FC-9A77-E1E98B9A1F0B}.Debug|Any CPU.ActiveCfg = Debug|Any CPU
		{421A401C-A71F-48FC-9A77-E1E98B9A1F0B}.Debug|Any CPU.Build.0 = Debug|Any CPU
		{421A401C-A71F-48FC-9A77-E1E98B9A1F0B}.Debug|ARM.ActiveCfg = Debug|Any CPU
		{421A401C-A71F-48FC-9A77-E1E98B9A1F0B}.Debug|ARM.Build.0 = Debug|Any CPU
		{421A401C-A71F-48FC-9A77-E1E98B9A1F0B}.Debug|x64.ActiveCfg = Debug|Any CPU
		{421A401C-A71F-48FC-9A77-E1E98B9A1F0B}.Debug|x64.Build.0 = Debug|Any CPU
		{421A401C-A71F-48FC-9A77-E1E98B9A1F0B}.Debug|x86.ActiveCfg = Debug|Any CPU
		{421A401C-A71F-48FC-9A77-E1E98B9A1F0B}.Debug|x86.Build.0 = Debug|Any CPU
		{421A401C-A71F-48FC-9A77-E1E98B9A1F0B}.Release|Any CPU.ActiveCfg = Release|Any CPU
		{421A401C-A71F-48FC-9A77-E1E98B9A1F0B}.Release|Any CPU.Build.0 = Release|Any CPU
		{421A401C-A71F-48FC-9A77-E1E98B9A1F0B}.Release|ARM.ActiveCfg = Release|Any CPU
		{421A401C-A71F-48FC-9A77-E1E98B9A1F0B}.Release|ARM.Build.0 = Release|Any CPU
		{421A401C-A71F-48FC-9A77-E1E98B9A1F0B}.Release|x64.ActiveCfg = Release|Any CPU
		{421A401C-A71F-48FC-9A77-E1E98B9A1F0B}.Release|x64.Build.0 = Release|Any CPU
		{421A401C-A71F-48FC-9A77-E1E98B9A1F0B}.Release|x86.ActiveCfg = Release|Any CPU
		{421A401C-A71F-48FC-9A77-E1E98B9A1F0B}.Release|x86.Build.0 = Release|Any CPU
		{348F0AF4-1EC8-407D-9B43-ADAD815F7EAC}.Debug|Any CPU.ActiveCfg = Debug|Any CPU
		{348F0AF4-1EC8-407D-9B43-ADAD815F7EAC}.Debug|Any CPU.Build.0 = Debug|Any CPU
		{348F0AF4-1EC8-407D-9B43-ADAD815F7EAC}.Debug|ARM.ActiveCfg = Debug|Any CPU
		{348F0AF4-1EC8-407D-9B43-ADAD815F7EAC}.Debug|ARM.Build.0 = Debug|Any CPU
		{348F0AF4-1EC8-407D-9B43-ADAD815F7EAC}.Debug|x64.ActiveCfg = Debug|Any CPU
		{348F0AF4-1EC8-407D-9B43-ADAD815F7EAC}.Debug|x64.Build.0 = Debug|Any CPU
		{348F0AF4-1EC8-407D-9B43-ADAD815F7EAC}.Debug|x86.ActiveCfg = Debug|Any CPU
		{348F0AF4-1EC8-407D-9B43-ADAD815F7EAC}.Debug|x86.Build.0 = Debug|Any CPU
		{348F0AF4-1EC8-407D-9B43-ADAD815F7EAC}.Release|Any CPU.ActiveCfg = Release|Any CPU
		{348F0AF4-1EC8-407D-9B43-ADAD815F7EAC}.Release|Any CPU.Build.0 = Release|Any CPU
		{348F0AF4-1EC8-407D-9B43-ADAD815F7EAC}.Release|ARM.ActiveCfg = Release|Any CPU
		{348F0AF4-1EC8-407D-9B43-ADAD815F7EAC}.Release|ARM.Build.0 = Release|Any CPU
		{348F0AF4-1EC8-407D-9B43-ADAD815F7EAC}.Release|x64.ActiveCfg = Release|Any CPU
		{348F0AF4-1EC8-407D-9B43-ADAD815F7EAC}.Release|x64.Build.0 = Release|Any CPU
		{348F0AF4-1EC8-407D-9B43-ADAD815F7EAC}.Release|x86.ActiveCfg = Release|Any CPU
		{348F0AF4-1EC8-407D-9B43-ADAD815F7EAC}.Release|x86.Build.0 = Release|Any CPU
		{092B8DC9-1084-480B-9659-E4BCA42A5E84}.Debug|Any CPU.ActiveCfg = Debug|Any CPU
		{092B8DC9-1084-480B-9659-E4BCA42A5E84}.Debug|Any CPU.Build.0 = Debug|Any CPU
		{092B8DC9-1084-480B-9659-E4BCA42A5E84}.Debug|ARM.ActiveCfg = Debug|Any CPU
		{092B8DC9-1084-480B-9659-E4BCA42A5E84}.Debug|ARM.Build.0 = Debug|Any CPU
		{092B8DC9-1084-480B-9659-E4BCA42A5E84}.Debug|x64.ActiveCfg = Debug|Any CPU
		{092B8DC9-1084-480B-9659-E4BCA42A5E84}.Debug|x64.Build.0 = Debug|Any CPU
		{092B8DC9-1084-480B-9659-E4BCA42A5E84}.Debug|x86.ActiveCfg = Debug|Any CPU
		{092B8DC9-1084-480B-9659-E4BCA42A5E84}.Debug|x86.Build.0 = Debug|Any CPU
		{092B8DC9-1084-480B-9659-E4BCA42A5E84}.Release|Any CPU.ActiveCfg = Release|Any CPU
		{092B8DC9-1084-480B-9659-E4BCA42A5E84}.Release|Any CPU.Build.0 = Release|Any CPU
		{092B8DC9-1084-480B-9659-E4BCA42A5E84}.Release|ARM.ActiveCfg = Release|Any CPU
		{092B8DC9-1084-480B-9659-E4BCA42A5E84}.Release|ARM.Build.0 = Release|Any CPU
		{092B8DC9-1084-480B-9659-E4BCA42A5E84}.Release|x64.ActiveCfg = Release|Any CPU
		{092B8DC9-1084-480B-9659-E4BCA42A5E84}.Release|x64.Build.0 = Release|Any CPU
		{092B8DC9-1084-480B-9659-E4BCA42A5E84}.Release|x86.ActiveCfg = Release|Any CPU
		{092B8DC9-1084-480B-9659-E4BCA42A5E84}.Release|x86.Build.0 = Release|Any CPU
		{5359AC05-A874-43D6-8F33-C5420E68245A}.Debug|Any CPU.ActiveCfg = Debug|Any CPU
		{5359AC05-A874-43D6-8F33-C5420E68245A}.Debug|Any CPU.Build.0 = Debug|Any CPU
		{5359AC05-A874-43D6-8F33-C5420E68245A}.Debug|ARM.ActiveCfg = Debug|Any CPU
		{5359AC05-A874-43D6-8F33-C5420E68245A}.Debug|ARM.Build.0 = Debug|Any CPU
		{5359AC05-A874-43D6-8F33-C5420E68245A}.Debug|x64.ActiveCfg = Debug|Any CPU
		{5359AC05-A874-43D6-8F33-C5420E68245A}.Debug|x64.Build.0 = Debug|Any CPU
		{5359AC05-A874-43D6-8F33-C5420E68245A}.Debug|x86.ActiveCfg = Debug|Any CPU
		{5359AC05-A874-43D6-8F33-C5420E68245A}.Debug|x86.Build.0 = Debug|Any CPU
		{5359AC05-A874-43D6-8F33-C5420E68245A}.Release|Any CPU.ActiveCfg = Release|Any CPU
		{5359AC05-A874-43D6-8F33-C5420E68245A}.Release|Any CPU.Build.0 = Release|Any CPU
		{5359AC05-A874-43D6-8F33-C5420E68245A}.Release|ARM.ActiveCfg = Release|Any CPU
		{5359AC05-A874-43D6-8F33-C5420E68245A}.Release|ARM.Build.0 = Release|Any CPU
		{5359AC05-A874-43D6-8F33-C5420E68245A}.Release|x64.ActiveCfg = Release|Any CPU
		{5359AC05-A874-43D6-8F33-C5420E68245A}.Release|x64.Build.0 = Release|Any CPU
		{5359AC05-A874-43D6-8F33-C5420E68245A}.Release|x86.ActiveCfg = Release|Any CPU
		{5359AC05-A874-43D6-8F33-C5420E68245A}.Release|x86.Build.0 = Release|Any CPU
		{ABC5734D-19AD-45E9-97A3-60DE7285CFDB}.Debug|Any CPU.ActiveCfg = Debug|Any CPU
		{ABC5734D-19AD-45E9-97A3-60DE7285CFDB}.Debug|Any CPU.Build.0 = Debug|Any CPU
		{ABC5734D-19AD-45E9-97A3-60DE7285CFDB}.Debug|ARM.ActiveCfg = Debug|Any CPU
		{ABC5734D-19AD-45E9-97A3-60DE7285CFDB}.Debug|ARM.Build.0 = Debug|Any CPU
		{ABC5734D-19AD-45E9-97A3-60DE7285CFDB}.Debug|x64.ActiveCfg = Debug|Any CPU
		{ABC5734D-19AD-45E9-97A3-60DE7285CFDB}.Debug|x64.Build.0 = Debug|Any CPU
		{ABC5734D-19AD-45E9-97A3-60DE7285CFDB}.Debug|x86.ActiveCfg = Debug|Any CPU
		{ABC5734D-19AD-45E9-97A3-60DE7285CFDB}.Debug|x86.Build.0 = Debug|Any CPU
		{ABC5734D-19AD-45E9-97A3-60DE7285CFDB}.Release|Any CPU.ActiveCfg = Release|Any CPU
		{ABC5734D-19AD-45E9-97A3-60DE7285CFDB}.Release|Any CPU.Build.0 = Release|Any CPU
		{ABC5734D-19AD-45E9-97A3-60DE7285CFDB}.Release|ARM.ActiveCfg = Release|Any CPU
		{ABC5734D-19AD-45E9-97A3-60DE7285CFDB}.Release|ARM.Build.0 = Release|Any CPU
		{ABC5734D-19AD-45E9-97A3-60DE7285CFDB}.Release|x64.ActiveCfg = Release|Any CPU
		{ABC5734D-19AD-45E9-97A3-60DE7285CFDB}.Release|x64.Build.0 = Release|Any CPU
		{ABC5734D-19AD-45E9-97A3-60DE7285CFDB}.Release|x86.ActiveCfg = Release|Any CPU
		{ABC5734D-19AD-45E9-97A3-60DE7285CFDB}.Release|x86.Build.0 = Release|Any CPU
		{A5DB18E3-5FD3-4564-953D-05CC9BF29408}.Debug|Any CPU.ActiveCfg = Debug|Any CPU
		{A5DB18E3-5FD3-4564-953D-05CC9BF29408}.Debug|Any CPU.Build.0 = Debug|Any CPU
		{A5DB18E3-5FD3-4564-953D-05CC9BF29408}.Debug|ARM.ActiveCfg = Debug|Any CPU
		{A5DB18E3-5FD3-4564-953D-05CC9BF29408}.Debug|ARM.Build.0 = Debug|Any CPU
		{A5DB18E3-5FD3-4564-953D-05CC9BF29408}.Debug|x64.ActiveCfg = Debug|Any CPU
		{A5DB18E3-5FD3-4564-953D-05CC9BF29408}.Debug|x64.Build.0 = Debug|Any CPU
		{A5DB18E3-5FD3-4564-953D-05CC9BF29408}.Debug|x86.ActiveCfg = Debug|Any CPU
		{A5DB18E3-5FD3-4564-953D-05CC9BF29408}.Debug|x86.Build.0 = Debug|Any CPU
		{A5DB18E3-5FD3-4564-953D-05CC9BF29408}.Release|Any CPU.ActiveCfg = Release|Any CPU
		{A5DB18E3-5FD3-4564-953D-05CC9BF29408}.Release|Any CPU.Build.0 = Release|Any CPU
		{A5DB18E3-5FD3-4564-953D-05CC9BF29408}.Release|ARM.ActiveCfg = Release|Any CPU
		{A5DB18E3-5FD3-4564-953D-05CC9BF29408}.Release|ARM.Build.0 = Release|Any CPU
		{A5DB18E3-5FD3-4564-953D-05CC9BF29408}.Release|x64.ActiveCfg = Release|Any CPU
		{A5DB18E3-5FD3-4564-953D-05CC9BF29408}.Release|x64.Build.0 = Release|Any CPU
		{A5DB18E3-5FD3-4564-953D-05CC9BF29408}.Release|x86.ActiveCfg = Release|Any CPU
		{A5DB18E3-5FD3-4564-953D-05CC9BF29408}.Release|x86.Build.0 = Release|Any CPU
	EndGlobalSection
	GlobalSection(SolutionProperties) = preSolution
		HideSolutionNode = FALSE
	EndGlobalSection
EndGlobal
